<?xml version="1.0" encoding="utf-8"?>
<Project ToolsVersion="4.0" xmlns="http://schemas.microsoft.com/developer/msbuild/2003">
  <ItemGroup>
    <Filter Include="Source Files">
      <UniqueIdentifier>{4FC737F1-C7A5-4376-A066-2A32D752A2FF}</UniqueIdentifier>
      <Extensions>cpp;c;cc;cxx;def;odl;idl;hpj;bat;asm;asmx</Extensions>
    </Filter>
    <Filter Include="Header Files">
      <UniqueIdentifier>{93995380-89BD-4b04-88EB-625FBE52EBFB}</UniqueIdentifier>
      <Extensions>h;hpp;hxx;hm;inl;inc;xsd</Extensions>
    </Filter>
    <Filter Include="Resource Files">
      <UniqueIdentifier>{67DA6AB6-F800-4c08-8B7A-83BB121AAD01}</UniqueIdentifier>
      <Extensions>rc;ico;cur;bmp;dlg;rc2;rct;bin;rgs;gif;jpg;jpeg;jpe;resx;tiff;tif;png;wav;mfcribbon-ms</Extensions>
    </Filter>
    <Filter Include="Header Files\GL">
      <UniqueIdentifier>{6e514715-bde7-4c6d-9627-6653304ce842}</UniqueIdentifier>
    </Filter>
    <Filter Include="Source Files\GL">
      <UniqueIdentifier>{f80329a6-306b-4959-9d09-06f148316841}</UniqueIdentifier>
    </Filter>
  </ItemGroup>
  <ItemGroup>
    <ClCompile Include="Source.cpp">
      <Filter>Source Files</Filter>
    </ClCompile>
    <ClCompile Include="math.cpp">
      <Filter>Source Files\GL</Filter>
    </ClCompile>
    <ClCompile Include="mdlviewer.cpp">
      <Filter>Source Files\GL</Filter>
    </ClCompile>
    <ClCompile Include="readjpeg.c">
      <Filter>Source Files\GL</Filter>
    </ClCompile>
    <ClCompile Include="studio_render.cpp">
      <Filter>Source Files\GL</Filter>
    </ClCompile>
    <ClCompile Include="studio_utils.cpp">
      <Filter>Source Files\GL</Filter>
    </ClCompile>
    <ClCompile Include="Key.cpp">
      <Filter>Source Files</Filter>
    </ClCompile>
    <ClCompile Include="Globals.cpp">
      <Filter>Source Files</Filter>
    </ClCompile>
    <ClCompile Include="Window.cpp">
      <Filter>Source Files</Filter>
    </ClCompile>
    <ClCompile Include="Camera.cpp">
      <Filter>Source Files</Filter>
    </ClCompile>
    <ClCompile Include="Illumination.cpp">
      <Filter>Source Files</Filter>
    </ClCompile>
    <ClCompile Include="Timer.cpp">
      <Filter>Source Files</Filter>
    </ClCompile>
    <ClCompile Include="Model.cpp">
      <Filter>Source Files</Filter>
    </ClCompile>
    <ClCompile Include="Colisao.cpp">
      <Filter>Source Files</Filter>
    </ClCompile>
    <ClCompile Include="Init.cpp">
      <Filter>Source Files</Filter>
    </ClCompile>
  </ItemGroup>
  <ItemGroup>
    <ClInclude Include="teclas_t.h">
      <Filter>Header Files</Filter>
    </ClInclude>
    <ClInclude Include="GL\GLAux.h">
      <Filter>Header Files\GL</Filter>
    </ClInclude>
    <ClInclude Include="jconfig.h">
      <Filter>Header Files\GL</Filter>
    </ClInclude>
    <ClInclude Include="jmorecfg.h">
      <Filter>Header Files\GL</Filter>
    </ClInclude>
    <ClInclude Include="jpeglib.h">
      <Filter>Header Files\GL</Filter>
    </ClInclude>
    <ClInclude Include="mathlib.h">
      <Filter>Header Files\GL</Filter>
    </ClInclude>
    <ClInclude Include="studio.h">
      <Filter>Header Files\GL</Filter>
    </ClInclude>
    <ClInclude Include="mdlviewer.h">
      <Filter>Header Files\GL</Filter>
    </ClInclude>
    <ClInclude Include="pos_t.h">
      <Filter>Header Files</Filter>
    </ClInclude>
    <ClInclude Include="objecto_t.h">
      <Filter>Header Files</Filter>
    </ClInclude>
    <ClInclude Include="camera_t.h">
      <Filter>Header Files</Filter>
    </ClInclude>
    <ClInclude Include="ESTADO.h">
      <Filter>Header Files</Filter>
    </ClInclude>
    <ClInclude Include="defines.h">
      <Filter>Header Files</Filter>
    </ClInclude>
    <ClInclude Include="MODELO.h">
      <Filter>Header Files</Filter>
    </ClInclude>
    <ClInclude Include="Key.h">
      <Filter>Header Files</Filter>
    </ClInclude>
    <ClInclude Include="Globals.h">
      <Filter>Header Files</Filter>
    </ClInclude>
    <ClInclude Include="Window.h">
      <Filter>Header Files</Filter>
    </ClInclude>
    <ClInclude Include="Camera.h">
      <Filter>Header Files</Filter>
    </ClInclude>
    <ClInclude Include="Illumination.h">
      <Filter>Header Files</Filter>
    </ClInclude>
    <ClInclude Include="Timer.h">
      <Filter>Header Files</Filter>
    </ClInclude>
    <ClInclude Include="Model.h">
      <Filter>Header Files</Filter>
    </ClInclude>
    <ClInclude Include="Colisao.h">
      <Filter>Header Files</Filter>
    </ClInclude>
    <ClInclude Include="Init.h">
      <Filter>Header Files</Filter>
    </ClInclude>
  </ItemGroup>
  <ItemGroup>
    <Library Include="libjpeg.lib">
      <Filter>Resource Files</Filter>
    </Library>
    <Library Include="GlAux.Lib">
      <Filter>Resource Files</Filter>
    </Library>
  </ItemGroup>
</Project>